// !$*UTF8*$!
{
	archiveVersion = 1;
	classes = {
	};
	objectVersion = 55;
	objects = {

/* Begin PBXBuildFile section */
		2425537C290B811F00E77684 /* WorkoutList.storyboard in Resources */ = {isa = PBXBuildFile; fileRef = 2425537B290B811F00E77684 /* WorkoutList.storyboard */; };
		24255382290B83E700E77684 /* WorkoutListViewController.swift in Sources */ = {isa = PBXBuildFile; fileRef = 24255381290B83E700E77684 /* WorkoutListViewController.swift */; };
		24255384290B950700E77684 /* WorkoutCell.swift in Sources */ = {isa = PBXBuildFile; fileRef = 24255383290B950700E77684 /* WorkoutCell.swift */; };
		24560E2C28FF970D00E4C923 /* AppDelegate.swift in Sources */ = {isa = PBXBuildFile; fileRef = 24560E2B28FF970D00E4C923 /* AppDelegate.swift */; };
		24560E2E28FF970D00E4C923 /* SceneDelegate.swift in Sources */ = {isa = PBXBuildFile; fileRef = 24560E2D28FF970D00E4C923 /* SceneDelegate.swift */; };
		24560E3028FF970D00E4C923 /* ViewController.swift in Sources */ = {isa = PBXBuildFile; fileRef = 24560E2F28FF970D00E4C923 /* ViewController.swift */; };
		24560E3328FF970D00E4C923 /* Main.storyboard in Resources */ = {isa = PBXBuildFile; fileRef = 24560E3128FF970D00E4C923 /* Main.storyboard */; };
		24560E3528FF971300E4C923 /* Assets.xcassets in Resources */ = {isa = PBXBuildFile; fileRef = 24560E3428FF971300E4C923 /* Assets.xcassets */; };
		24560E3828FF971300E4C923 /* LaunchScreen.storyboard in Resources */ = {isa = PBXBuildFile; fileRef = 24560E3628FF971300E4C923 /* LaunchScreen.storyboard */; };
		24560E4328FF971300E4C923 /* FitnessAppTests.swift in Sources */ = {isa = PBXBuildFile; fileRef = 24560E4228FF971300E4C923 /* FitnessAppTests.swift */; };
		24560E4D28FF971400E4C923 /* FitnessAppUITests.swift in Sources */ = {isa = PBXBuildFile; fileRef = 24560E4C28FF971400E4C923 /* FitnessAppUITests.swift */; };
		24560E4F28FF971400E4C923 /* FitnessAppUITestsLaunchTests.swift in Sources */ = {isa = PBXBuildFile; fileRef = 24560E4E28FF971400E4C923 /* FitnessAppUITestsLaunchTests.swift */; };
		24560E5C28FF99F300E4C923 /* SignUpViewController.swift in Sources */ = {isa = PBXBuildFile; fileRef = 24560E5B28FF99F300E4C923 /* SignUpViewController.swift */; };
		24560E5E28FFA28700E4C923 /* LoginViewController.swift in Sources */ = {isa = PBXBuildFile; fileRef = 24560E5D28FFA28700E4C923 /* LoginViewController.swift */; };
		247DDB78290BAA7B00D0A434 /* HomeViewController.swift in Sources */ = {isa = PBXBuildFile; fileRef = 247DDB77290BAA7B00D0A434 /* HomeViewController.swift */; };
		67F1B09ECEB58A9199C091A6 /* Pods_FitnessApp.framework in Frameworks */ = {isa = PBXBuildFile; fileRef = 220EDDBE4A59BEF0D1C160EF /* Pods_FitnessApp.framework */; };
		A638E711504F38651B472A39 /* Pods_FitnessAppTests.framework in Frameworks */ = {isa = PBXBuildFile; fileRef = B76B6AC0760378DD83D90E95 /* Pods_FitnessAppTests.framework */; };
		DFB363590BBE50E7AF336688 /* Pods_FitnessApp_FitnessAppUITests.framework in Frameworks */ = {isa = PBXBuildFile; fileRef = 780F20E54067F54222E79621 /* Pods_FitnessApp_FitnessAppUITests.framework */; };
/* End PBXBuildFile section */

/* Begin PBXContainerItemProxy section */
		24560E3F28FF971300E4C923 /* PBXContainerItemProxy */ = {
			isa = PBXContainerItemProxy;
			containerPortal = 24560E2028FF970D00E4C923 /* Project object */;
			proxyType = 1;
			remoteGlobalIDString = 24560E2728FF970D00E4C923;
			remoteInfo = FitnessApp;
		};
		24560E4928FF971300E4C923 /* PBXContainerItemProxy */ = {
			isa = PBXContainerItemProxy;
			containerPortal = 24560E2028FF970D00E4C923 /* Project object */;
			proxyType = 1;
			remoteGlobalIDString = 24560E2728FF970D00E4C923;
			remoteInfo = FitnessApp;
		};
/* End PBXContainerItemProxy section */

/* Begin PBXFileReference section */
		220EDDBE4A59BEF0D1C160EF /* Pods_FitnessApp.framework */ = {isa = PBXFileReference; explicitFileType = wrapper.framework; includeInIndex = 0; path = Pods_FitnessApp.framework; sourceTree = BUILT_PRODUCTS_DIR; };
		2264012F050C9191509078AE /* Pods-FitnessApp.debug.xcconfig */ = {isa = PBXFileReference; includeInIndex = 1; lastKnownFileType = text.xcconfig; name = "Pods-FitnessApp.debug.xcconfig"; path = "Target Support Files/Pods-FitnessApp/Pods-FitnessApp.debug.xcconfig"; sourceTree = "<group>"; };
		2425537B290B811F00E77684 /* WorkoutList.storyboard */ = {isa = PBXFileReference; lastKnownFileType = file.storyboard; path = WorkoutList.storyboard; sourceTree = "<group>"; };
		24255381290B83E700E77684 /* WorkoutListViewController.swift */ = {isa = PBXFileReference; lastKnownFileType = sourcecode.swift; path = WorkoutListViewController.swift; sourceTree = "<group>"; };
		24255383290B950700E77684 /* WorkoutCell.swift */ = {isa = PBXFileReference; lastKnownFileType = sourcecode.swift; path = WorkoutCell.swift; sourceTree = "<group>"; };
		24560E2828FF970D00E4C923 /* FitnessApp.app */ = {isa = PBXFileReference; explicitFileType = wrapper.application; includeInIndex = 0; path = FitnessApp.app; sourceTree = BUILT_PRODUCTS_DIR; };
		24560E2B28FF970D00E4C923 /* AppDelegate.swift */ = {isa = PBXFileReference; lastKnownFileType = sourcecode.swift; path = AppDelegate.swift; sourceTree = "<group>"; };
		24560E2D28FF970D00E4C923 /* SceneDelegate.swift */ = {isa = PBXFileReference; lastKnownFileType = sourcecode.swift; path = SceneDelegate.swift; sourceTree = "<group>"; };
		24560E2F28FF970D00E4C923 /* ViewController.swift */ = {isa = PBXFileReference; lastKnownFileType = sourcecode.swift; path = ViewController.swift; sourceTree = "<group>"; };
		24560E3228FF970D00E4C923 /* Base */ = {isa = PBXFileReference; lastKnownFileType = file.storyboard; name = Base; path = Base.lproj/Main.storyboard; sourceTree = "<group>"; };
		24560E3428FF971300E4C923 /* Assets.xcassets */ = {isa = PBXFileReference; lastKnownFileType = folder.assetcatalog; path = Assets.xcassets; sourceTree = "<group>"; };
		24560E3728FF971300E4C923 /* Base */ = {isa = PBXFileReference; lastKnownFileType = file.storyboard; name = Base; path = Base.lproj/LaunchScreen.storyboard; sourceTree = "<group>"; };
		24560E3928FF971300E4C923 /* Info.plist */ = {isa = PBXFileReference; lastKnownFileType = text.plist.xml; path = Info.plist; sourceTree = "<group>"; };
		24560E3E28FF971300E4C923 /* FitnessAppTests.xctest */ = {isa = PBXFileReference; explicitFileType = wrapper.cfbundle; includeInIndex = 0; path = FitnessAppTests.xctest; sourceTree = BUILT_PRODUCTS_DIR; };
		24560E4228FF971300E4C923 /* FitnessAppTests.swift */ = {isa = PBXFileReference; lastKnownFileType = sourcecode.swift; path = FitnessAppTests.swift; sourceTree = "<group>"; };
		24560E4828FF971300E4C923 /* FitnessAppUITests.xctest */ = {isa = PBXFileReference; explicitFileType = wrapper.cfbundle; includeInIndex = 0; path = FitnessAppUITests.xctest; sourceTree = BUILT_PRODUCTS_DIR; };
		24560E4C28FF971400E4C923 /* FitnessAppUITests.swift */ = {isa = PBXFileReference; lastKnownFileType = sourcecode.swift; path = FitnessAppUITests.swift; sourceTree = "<group>"; };
		24560E4E28FF971400E4C923 /* FitnessAppUITestsLaunchTests.swift */ = {isa = PBXFileReference; lastKnownFileType = sourcecode.swift; path = FitnessAppUITestsLaunchTests.swift; sourceTree = "<group>"; };
		24560E5B28FF99F300E4C923 /* SignUpViewController.swift */ = {isa = PBXFileReference; lastKnownFileType = sourcecode.swift; path = SignUpViewController.swift; sourceTree = "<group>"; };
		24560E5D28FFA28700E4C923 /* LoginViewController.swift */ = {isa = PBXFileReference; lastKnownFileType = sourcecode.swift; path = LoginViewController.swift; sourceTree = "<group>"; };
		247DDB77290BAA7B00D0A434 /* HomeViewController.swift */ = {isa = PBXFileReference; lastKnownFileType = sourcecode.swift; path = HomeViewController.swift; sourceTree = "<group>"; };
		676E384EF769BB64DACE5EA3 /* Pods-FitnessAppTests.release.xcconfig */ = {isa = PBXFileReference; includeInIndex = 1; lastKnownFileType = text.xcconfig; name = "Pods-FitnessAppTests.release.xcconfig"; path = "Target Support Files/Pods-FitnessAppTests/Pods-FitnessAppTests.release.xcconfig"; sourceTree = "<group>"; };
		780F20E54067F54222E79621 /* Pods_FitnessApp_FitnessAppUITests.framework */ = {isa = PBXFileReference; explicitFileType = wrapper.framework; includeInIndex = 0; path = Pods_FitnessApp_FitnessAppUITests.framework; sourceTree = BUILT_PRODUCTS_DIR; };
		9F4545B5AF4FD607E131D7A5 /* Pods-FitnessAppTests.debug.xcconfig */ = {isa = PBXFileReference; includeInIndex = 1; lastKnownFileType = text.xcconfig; name = "Pods-FitnessAppTests.debug.xcconfig"; path = "Target Support Files/Pods-FitnessAppTests/Pods-FitnessAppTests.debug.xcconfig"; sourceTree = "<group>"; };
		A90CA0B4959782FF954ECBD9 /* Pods-FitnessApp-FitnessAppUITests.debug.xcconfig */ = {isa = PBXFileReference; includeInIndex = 1; lastKnownFileType = text.xcconfig; name = "Pods-FitnessApp-FitnessAppUITests.debug.xcconfig"; path = "Target Support Files/Pods-FitnessApp-FitnessAppUITests/Pods-FitnessApp-FitnessAppUITests.debug.xcconfig"; sourceTree = "<group>"; };
		B6A3E71E0DBE275311DDEBBE /* Pods-FitnessApp-FitnessAppUITests.release.xcconfig */ = {isa = PBXFileReference; includeInIndex = 1; lastKnownFileType = text.xcconfig; name = "Pods-FitnessApp-FitnessAppUITests.release.xcconfig"; path = "Target Support Files/Pods-FitnessApp-FitnessAppUITests/Pods-FitnessApp-FitnessAppUITests.release.xcconfig"; sourceTree = "<group>"; };
		B76B6AC0760378DD83D90E95 /* Pods_FitnessAppTests.framework */ = {isa = PBXFileReference; explicitFileType = wrapper.framework; includeInIndex = 0; path = Pods_FitnessAppTests.framework; sourceTree = BUILT_PRODUCTS_DIR; };
		CBFA133E61B56593E0326067 /* Pods-FitnessApp.release.xcconfig */ = {isa = PBXFileReference; includeInIndex = 1; lastKnownFileType = text.xcconfig; name = "Pods-FitnessApp.release.xcconfig"; path = "Target Support Files/Pods-FitnessApp/Pods-FitnessApp.release.xcconfig"; sourceTree = "<group>"; };
/* End PBXFileReference section */

/* Begin PBXFrameworksBuildPhase section */
		24560E2528FF970D00E4C923 /* Frameworks */ = {
			isa = PBXFrameworksBuildPhase;
			buildActionMask = 2147483647;
			files = (
				67F1B09ECEB58A9199C091A6 /* Pods_FitnessApp.framework in Frameworks */,
			);
			runOnlyForDeploymentPostprocessing = 0;
		};
		24560E3B28FF971300E4C923 /* Frameworks */ = {
			isa = PBXFrameworksBuildPhase;
			buildActionMask = 2147483647;
			files = (
				A638E711504F38651B472A39 /* Pods_FitnessAppTests.framework in Frameworks */,
			);
			runOnlyForDeploymentPostprocessing = 0;
		};
		24560E4528FF971300E4C923 /* Frameworks */ = {
			isa = PBXFrameworksBuildPhase;
			buildActionMask = 2147483647;
			files = (
				DFB363590BBE50E7AF336688 /* Pods_FitnessApp_FitnessAppUITests.framework in Frameworks */,
			);
			runOnlyForDeploymentPostprocessing = 0;
		};
/* End PBXFrameworksBuildPhase section */

/* Begin PBXGroup section */
		1B35552C06B3985AFF57C077 /* Frameworks */ = {
			isa = PBXGroup;
			children = (
				220EDDBE4A59BEF0D1C160EF /* Pods_FitnessApp.framework */,
				780F20E54067F54222E79621 /* Pods_FitnessApp_FitnessAppUITests.framework */,
				B76B6AC0760378DD83D90E95 /* Pods_FitnessAppTests.framework */,
			);
			name = Frameworks;
			sourceTree = "<group>";
		};
		24560E1F28FF970D00E4C923 = {
			isa = PBXGroup;
			children = (
				24560E2A28FF970D00E4C923 /* FitnessApp */,
				24560E4128FF971300E4C923 /* FitnessAppTests */,
				24560E4B28FF971300E4C923 /* FitnessAppUITests */,
				24560E2928FF970D00E4C923 /* Products */,
				93E5BC7745A070DE4F4F30EB /* Pods */,
				1B35552C06B3985AFF57C077 /* Frameworks */,
			);
			sourceTree = "<group>";
		};
		24560E2928FF970D00E4C923 /* Products */ = {
			isa = PBXGroup;
			children = (
				24560E2828FF970D00E4C923 /* FitnessApp.app */,
				24560E3E28FF971300E4C923 /* FitnessAppTests.xctest */,
				24560E4828FF971300E4C923 /* FitnessAppUITests.xctest */,
			);
			name = Products;
			sourceTree = "<group>";
		};
		24560E2A28FF970D00E4C923 /* FitnessApp */ = {
			isa = PBXGroup;
			children = (
				24560E2B28FF970D00E4C923 /* AppDelegate.swift */,
				24560E2D28FF970D00E4C923 /* SceneDelegate.swift */,
				24560E2F28FF970D00E4C923 /* ViewController.swift */,
				24560E3128FF970D00E4C923 /* Main.storyboard */,
				247DDB77290BAA7B00D0A434 /* HomeViewController.swift */,
				2425537B290B811F00E77684 /* WorkoutList.storyboard */,
				24255381290B83E700E77684 /* WorkoutListViewController.swift */,
				24255383290B950700E77684 /* WorkoutCell.swift */,
				24560E5B28FF99F300E4C923 /* SignUpViewController.swift */,
				24560E5D28FFA28700E4C923 /* LoginViewController.swift */,
				24560E3428FF971300E4C923 /* Assets.xcassets */,
				24560E3628FF971300E4C923 /* LaunchScreen.storyboard */,
				24560E3928FF971300E4C923 /* Info.plist */,
			);
			path = FitnessApp;
			sourceTree = "<group>";
		};
		24560E4128FF971300E4C923 /* FitnessAppTests */ = {
			isa = PBXGroup;
			children = (
				24560E4228FF971300E4C923 /* FitnessAppTests.swift */,
			);
			path = FitnessAppTests;
			sourceTree = "<group>";
		};
		24560E4B28FF971300E4C923 /* FitnessAppUITests */ = {
			isa = PBXGroup;
			children = (
				24560E4C28FF971400E4C923 /* FitnessAppUITests.swift */,
				24560E4E28FF971400E4C923 /* FitnessAppUITestsLaunchTests.swift */,
			);
			path = FitnessAppUITests;
			sourceTree = "<group>";
		};
		93E5BC7745A070DE4F4F30EB /* Pods */ = {
			isa = PBXGroup;
			children = (
				2264012F050C9191509078AE /* Pods-FitnessApp.debug.xcconfig */,
				CBFA133E61B56593E0326067 /* Pods-FitnessApp.release.xcconfig */,
				A90CA0B4959782FF954ECBD9 /* Pods-FitnessApp-FitnessAppUITests.debug.xcconfig */,
				B6A3E71E0DBE275311DDEBBE /* Pods-FitnessApp-FitnessAppUITests.release.xcconfig */,
				9F4545B5AF4FD607E131D7A5 /* Pods-FitnessAppTests.debug.xcconfig */,
				676E384EF769BB64DACE5EA3 /* Pods-FitnessAppTests.release.xcconfig */,
			);
			path = Pods;
			sourceTree = "<group>";
		};
/* End PBXGroup section */

/* Begin PBXNativeTarget section */
		24560E2728FF970D00E4C923 /* FitnessApp */ = {
			isa = PBXNativeTarget;
			buildConfigurationList = 24560E5228FF971400E4C923 /* Build configuration list for PBXNativeTarget "FitnessApp" */;
			buildPhases = (
				48A0A47A5D032FE3E2EBD1F3 /* [CP] Check Pods Manifest.lock */,
				24560E2428FF970D00E4C923 /* Sources */,
				24560E2528FF970D00E4C923 /* Frameworks */,
				24560E2628FF970D00E4C923 /* Resources */,
				CE8077E49A1CB1F78AC0E11C /* [CP] Embed Pods Frameworks */,
			);
			buildRules = (
			);
			dependencies = (
			);
			name = FitnessApp;
			productName = FitnessApp;
			productReference = 24560E2828FF970D00E4C923 /* FitnessApp.app */;
			productType = "com.apple.product-type.application";
		};
		24560E3D28FF971300E4C923 /* FitnessAppTests */ = {
			isa = PBXNativeTarget;
			buildConfigurationList = 24560E5528FF971400E4C923 /* Build configuration list for PBXNativeTarget "FitnessAppTests" */;
			buildPhases = (
				5B6B41EDFE627F38DC7990C6 /* [CP] Check Pods Manifest.lock */,
				24560E3A28FF971300E4C923 /* Sources */,
				24560E3B28FF971300E4C923 /* Frameworks */,
				24560E3C28FF971300E4C923 /* Resources */,
			);
			buildRules = (
			);
			dependencies = (
				24560E4028FF971300E4C923 /* PBXTargetDependency */,
			);
			name = FitnessAppTests;
			productName = FitnessAppTests;
			productReference = 24560E3E28FF971300E4C923 /* FitnessAppTests.xctest */;
			productType = "com.apple.product-type.bundle.unit-test";
		};
		24560E4728FF971300E4C923 /* FitnessAppUITests */ = {
			isa = PBXNativeTarget;
			buildConfigurationList = 24560E5828FF971400E4C923 /* Build configuration list for PBXNativeTarget "FitnessAppUITests" */;
			buildPhases = (
				134B63FFDE516785212F3035 /* [CP] Check Pods Manifest.lock */,
				24560E4428FF971300E4C923 /* Sources */,
				24560E4528FF971300E4C923 /* Frameworks */,
				24560E4628FF971300E4C923 /* Resources */,
				2A6B2E544F6BB02723230AB1 /* [CP] Embed Pods Frameworks */,
			);
			buildRules = (
			);
			dependencies = (
				24560E4A28FF971300E4C923 /* PBXTargetDependency */,
			);
			name = FitnessAppUITests;
			productName = FitnessAppUITests;
			productReference = 24560E4828FF971300E4C923 /* FitnessAppUITests.xctest */;
			productType = "com.apple.product-type.bundle.ui-testing";
		};
/* End PBXNativeTarget section */

/* Begin PBXProject section */
		24560E2028FF970D00E4C923 /* Project object */ = {
			isa = PBXProject;
			attributes = {
				BuildIndependentTargetsInParallel = 1;
				LastSwiftUpdateCheck = 1340;
				LastUpgradeCheck = 1340;
				TargetAttributes = {
					24560E2728FF970D00E4C923 = {
						CreatedOnToolsVersion = 13.4.1;
					};
					24560E3D28FF971300E4C923 = {
						CreatedOnToolsVersion = 13.4.1;
						TestTargetID = 24560E2728FF970D00E4C923;
					};
					24560E4728FF971300E4C923 = {
						CreatedOnToolsVersion = 13.4.1;
						TestTargetID = 24560E2728FF970D00E4C923;
					};
				};
			};
			buildConfigurationList = 24560E2328FF970D00E4C923 /* Build configuration list for PBXProject "FitnessApp" */;
			compatibilityVersion = "Xcode 13.0";
			developmentRegion = en;
			hasScannedForEncodings = 0;
			knownRegions = (
				en,
				Base,
			);
			mainGroup = 24560E1F28FF970D00E4C923;
			productRefGroup = 24560E2928FF970D00E4C923 /* Products */;
			projectDirPath = "";
			projectRoot = "";
			targets = (
				24560E2728FF970D00E4C923 /* FitnessApp */,
				24560E3D28FF971300E4C923 /* FitnessAppTests */,
				24560E4728FF971300E4C923 /* FitnessAppUITests */,
			);
		};
/* End PBXProject section */

/* Begin PBXResourcesBuildPhase section */
		24560E2628FF970D00E4C923 /* Resources */ = {
			isa = PBXResourcesBuildPhase;
			buildActionMask = 2147483647;
			files = (
				2425537C290B811F00E77684 /* WorkoutList.storyboard in Resources */,
				24560E3828FF971300E4C923 /* LaunchScreen.storyboard in Resources */,
				24560E3528FF971300E4C923 /* Assets.xcassets in Resources */,
				24560E3328FF970D00E4C923 /* Main.storyboard in Resources */,
			);
			runOnlyForDeploymentPostprocessing = 0;
		};
		24560E3C28FF971300E4C923 /* Resources */ = {
			isa = PBXResourcesBuildPhase;
			buildActionMask = 2147483647;
			files = (
			);
			runOnlyForDeploymentPostprocessing = 0;
		};
		24560E4628FF971300E4C923 /* Resources */ = {
			isa = PBXResourcesBuildPhase;
			buildActionMask = 2147483647;
			files = (
			);
			runOnlyForDeploymentPostprocessing = 0;
		};
/* End PBXResourcesBuildPhase section */

/* Begin PBXShellScriptBuildPhase section */
		134B63FFDE516785212F3035 /* [CP] Check Pods Manifest.lock */ = {
			isa = PBXShellScriptBuildPhase;
			buildActionMask = 2147483647;
			files = (
			);
			inputFileListPaths = (
			);
			inputPaths = (
				"${PODS_PODFILE_DIR_PATH}/Podfile.lock",
				"${PODS_ROOT}/Manifest.lock",
			);
			name = "[CP] Check Pods Manifest.lock";
			outputFileListPaths = (
			);
			outputPaths = (
				"$(DERIVED_FILE_DIR)/Pods-FitnessApp-FitnessAppUITests-checkManifestLockResult.txt",
			);
			runOnlyForDeploymentPostprocessing = 0;
			shellPath = /bin/sh;
			shellScript = "diff \"${PODS_PODFILE_DIR_PATH}/Podfile.lock\" \"${PODS_ROOT}/Manifest.lock\" > /dev/null\nif [ $? != 0 ] ; then\n    # print error to STDERR\n    echo \"error: The sandbox is not in sync with the Podfile.lock. Run 'pod install' or update your CocoaPods installation.\" >&2\n    exit 1\nfi\n# This output is used by Xcode 'outputs' to avoid re-running this script phase.\necho \"SUCCESS\" > \"${SCRIPT_OUTPUT_FILE_0}\"\n";
			showEnvVarsInLog = 0;
		};
		2A6B2E544F6BB02723230AB1 /* [CP] Embed Pods Frameworks */ = {
			isa = PBXShellScriptBuildPhase;
			buildActionMask = 2147483647;
			files = (
			);
			inputFileListPaths = (
				"${PODS_ROOT}/Target Support Files/Pods-FitnessApp-FitnessAppUITests/Pods-FitnessApp-FitnessAppUITests-frameworks-${CONFIGURATION}-input-files.xcfilelist",
			);
			name = "[CP] Embed Pods Frameworks";
			outputFileListPaths = (
				"${PODS_ROOT}/Target Support Files/Pods-FitnessApp-FitnessAppUITests/Pods-FitnessApp-FitnessAppUITests-frameworks-${CONFIGURATION}-output-files.xcfilelist",
			);
			runOnlyForDeploymentPostprocessing = 0;
			shellPath = /bin/sh;
			shellScript = "\"${PODS_ROOT}/Target Support Files/Pods-FitnessApp-FitnessAppUITests/Pods-FitnessApp-FitnessAppUITests-frameworks.sh\"\n";
			showEnvVarsInLog = 0;
		};
		48A0A47A5D032FE3E2EBD1F3 /* [CP] Check Pods Manifest.lock */ = {
			isa = PBXShellScriptBuildPhase;
			buildActionMask = 2147483647;
			files = (
			);
			inputFileListPaths = (
			);
			inputPaths = (
				"${PODS_PODFILE_DIR_PATH}/Podfile.lock",
				"${PODS_ROOT}/Manifest.lock",
			);
			name = "[CP] Check Pods Manifest.lock";
			outputFileListPaths = (
			);
			outputPaths = (
				"$(DERIVED_FILE_DIR)/Pods-FitnessApp-checkManifestLockResult.txt",
			);
			runOnlyForDeploymentPostprocessing = 0;
			shellPath = /bin/sh;
			shellScript = "diff \"${PODS_PODFILE_DIR_PATH}/Podfile.lock\" \"${PODS_ROOT}/Manifest.lock\" > /dev/null\nif [ $? != 0 ] ; then\n    # print error to STDERR\n    echo \"error: The sandbox is not in sync with the Podfile.lock. Run 'pod install' or update your CocoaPods installation.\" >&2\n    exit 1\nfi\n# This output is used by Xcode 'outputs' to avoid re-running this script phase.\necho \"SUCCESS\" > \"${SCRIPT_OUTPUT_FILE_0}\"\n";
			showEnvVarsInLog = 0;
		};
		5B6B41EDFE627F38DC7990C6 /* [CP] Check Pods Manifest.lock */ = {
			isa = PBXShellScriptBuildPhase;
			buildActionMask = 2147483647;
			files = (
			);
			inputFileListPaths = (
			);
			inputPaths = (
				"${PODS_PODFILE_DIR_PATH}/Podfile.lock",
				"${PODS_ROOT}/Manifest.lock",
			);
			name = "[CP] Check Pods Manifest.lock";
			outputFileListPaths = (
			);
			outputPaths = (
				"$(DERIVED_FILE_DIR)/Pods-FitnessAppTests-checkManifestLockResult.txt",
			);
			runOnlyForDeploymentPostprocessing = 0;
			shellPath = /bin/sh;
			shellScript = "diff \"${PODS_PODFILE_DIR_PATH}/Podfile.lock\" \"${PODS_ROOT}/Manifest.lock\" > /dev/null\nif [ $? != 0 ] ; then\n    # print error to STDERR\n    echo \"error: The sandbox is not in sync with the Podfile.lock. Run 'pod install' or update your CocoaPods installation.\" >&2\n    exit 1\nfi\n# This output is used by Xcode 'outputs' to avoid re-running this script phase.\necho \"SUCCESS\" > \"${SCRIPT_OUTPUT_FILE_0}\"\n";
			showEnvVarsInLog = 0;
		};
		CE8077E49A1CB1F78AC0E11C /* [CP] Embed Pods Frameworks */ = {
			isa = PBXShellScriptBuildPhase;
			buildActionMask = 2147483647;
			files = (
			);
			inputFileListPaths = (
				"${PODS_ROOT}/Target Support Files/Pods-FitnessApp/Pods-FitnessApp-frameworks-${CONFIGURATION}-input-files.xcfilelist",
			);
			name = "[CP] Embed Pods Frameworks";
			outputFileListPaths = (
				"${PODS_ROOT}/Target Support Files/Pods-FitnessApp/Pods-FitnessApp-frameworks-${CONFIGURATION}-output-files.xcfilelist",
			);
			runOnlyForDeploymentPostprocessing = 0;
			shellPath = /bin/sh;
			shellScript = "\"${PODS_ROOT}/Target Support Files/Pods-FitnessApp/Pods-FitnessApp-frameworks.sh\"\n";
			showEnvVarsInLog = 0;
		};
/* End PBXShellScriptBuildPhase section */

/* Begin PBXSourcesBuildPhase section */
		24560E2428FF970D00E4C923 /* Sources */ = {
			isa = PBXSourcesBuildPhase;
			buildActionMask = 2147483647;
			files = (
				24560E3028FF970D00E4C923 /* ViewController.swift in Sources */,
				24255384290B950700E77684 /* WorkoutCell.swift in Sources */,
				24255382290B83E700E77684 /* WorkoutListViewController.swift in Sources */,
				247DDB78290BAA7B00D0A434 /* HomeViewController.swift in Sources */,
				24560E2C28FF970D00E4C923 /* AppDelegate.swift in Sources */,
				24560E5C28FF99F300E4C923 /* SignUpViewController.swift in Sources */,
				24560E5E28FFA28700E4C923 /* LoginViewController.swift in Sources */,
				24560E2E28FF970D00E4C923 /* SceneDelegate.swift in Sources */,
			);
			runOnlyForDeploymentPostprocessing = 0;
		};
		24560E3A28FF971300E4C923 /* Sources */ = {
			isa = PBXSourcesBuildPhase;
			buildActionMask = 2147483647;
			files = (
				24560E4328FF971300E4C923 /* FitnessAppTests.swift in Sources */,
			);
			runOnlyForDeploymentPostprocessing = 0;
		};
		24560E4428FF971300E4C923 /* Sources */ = {
			isa = PBXSourcesBuildPhase;
			buildActionMask = 2147483647;
			files = (
				24560E4D28FF971400E4C923 /* FitnessAppUITests.swift in Sources */,
				24560E4F28FF971400E4C923 /* FitnessAppUITestsLaunchTests.swift in Sources */,
			);
			runOnlyForDeploymentPostprocessing = 0;
		};
/* End PBXSourcesBuildPhase section */

/* Begin PBXTargetDependency section */
		24560E4028FF971300E4C923 /* PBXTargetDependency */ = {
			isa = PBXTargetDependency;
			target = 24560E2728FF970D00E4C923 /* FitnessApp */;
			targetProxy = 24560E3F28FF971300E4C923 /* PBXContainerItemProxy */;
		};
		24560E4A28FF971300E4C923 /* PBXTargetDependency */ = {
			isa = PBXTargetDependency;
			target = 24560E2728FF970D00E4C923 /* FitnessApp */;
			targetProxy = 24560E4928FF971300E4C923 /* PBXContainerItemProxy */;
		};
/* End PBXTargetDependency section */

/* Begin PBXVariantGroup section */
		24560E3128FF970D00E4C923 /* Main.storyboard */ = {
			isa = PBXVariantGroup;
			children = (
				24560E3228FF970D00E4C923 /* Base */,
			);
			name = Main.storyboard;
			sourceTree = "<group>";
		};
		24560E3628FF971300E4C923 /* LaunchScreen.storyboard */ = {
			isa = PBXVariantGroup;
			children = (
				24560E3728FF971300E4C923 /* Base */,
			);
			name = LaunchScreen.storyboard;
			sourceTree = "<group>";
		};
/* End PBXVariantGroup section */

/* Begin XCBuildConfiguration section */
		24560E5028FF971400E4C923 /* Debug */ = {
			isa = XCBuildConfiguration;
			buildSettings = {
				ALWAYS_SEARCH_USER_PATHS = NO;
				CLANG_ANALYZER_NONNULL = YES;
				CLANG_ANALYZER_NUMBER_OBJECT_CONVERSION = YES_AGGRESSIVE;
				CLANG_CXX_LANGUAGE_STANDARD = "gnu++17";
				CLANG_ENABLE_MODULES = YES;
				CLANG_ENABLE_OBJC_ARC = YES;
				CLANG_ENABLE_OBJC_WEAK = YES;
				CLANG_WARN_BLOCK_CAPTURE_AUTORELEASING = YES;
				CLANG_WARN_BOOL_CONVERSION = YES;
				CLANG_WARN_COMMA = YES;
				CLANG_WARN_CONSTANT_CONVERSION = YES;
				CLANG_WARN_DEPRECATED_OBJC_IMPLEMENTATIONS = YES;
				CLANG_WARN_DIRECT_OBJC_ISA_USAGE = YES_ERROR;
				CLANG_WARN_DOCUMENTATION_COMMENTS = YES;
				CLANG_WARN_EMPTY_BODY = YES;
				CLANG_WARN_ENUM_CONVERSION = YES;
				CLANG_WARN_INFINITE_RECURSION = YES;
				CLANG_WARN_INT_CONVERSION = YES;
				CLANG_WARN_NON_LITERAL_NULL_CONVERSION = YES;
				CLANG_WARN_OBJC_IMPLICIT_RETAIN_SELF = YES;
				CLANG_WARN_OBJC_LITERAL_CONVERSION = YES;
				CLANG_WARN_OBJC_ROOT_CLASS = YES_ERROR;
				CLANG_WARN_QUOTED_INCLUDE_IN_FRAMEWORK_HEADER = YES;
				CLANG_WARN_RANGE_LOOP_ANALYSIS = YES;
				CLANG_WARN_STRICT_PROTOTYPES = YES;
				CLANG_WARN_SUSPICIOUS_MOVE = YES;
				CLANG_WARN_UNGUARDED_AVAILABILITY = YES_AGGRESSIVE;
				CLANG_WARN_UNREACHABLE_CODE = YES;
				CLANG_WARN__DUPLICATE_METHOD_MATCH = YES;
				COPY_PHASE_STRIP = NO;
				DEBUG_INFORMATION_FORMAT = dwarf;
				ENABLE_STRICT_OBJC_MSGSEND = YES;
				ENABLE_TESTABILITY = YES;
				GCC_C_LANGUAGE_STANDARD = gnu11;
				GCC_DYNAMIC_NO_PIC = NO;
				GCC_NO_COMMON_BLOCKS = YES;
				GCC_OPTIMIZATION_LEVEL = 0;
				GCC_PREPROCESSOR_DEFINITIONS = (
					"DEBUG=1",
					"$(inherited)",
				);
				GCC_WARN_64_TO_32_BIT_CONVERSION = YES;
				GCC_WARN_ABOUT_RETURN_TYPE = YES_ERROR;
				GCC_WARN_UNDECLARED_SELECTOR = YES;
				GCC_WARN_UNINITIALIZED_AUTOS = YES_AGGRESSIVE;
				GCC_WARN_UNUSED_FUNCTION = YES;
				GCC_WARN_UNUSED_VARIABLE = YES;
				IPHONEOS_DEPLOYMENT_TARGET = 15.5;
				MTL_ENABLE_DEBUG_INFO = INCLUDE_SOURCE;
				MTL_FAST_MATH = YES;
				ONLY_ACTIVE_ARCH = YES;
				SDKROOT = iphoneos;
				SWIFT_ACTIVE_COMPILATION_CONDITIONS = DEBUG;
				SWIFT_OPTIMIZATION_LEVEL = "-Onone";
			};
			name = Debug;
		};
		24560E5128FF971400E4C923 /* Release */ = {
			isa = XCBuildConfiguration;
			buildSettings = {
				ALWAYS_SEARCH_USER_PATHS = NO;
				CLANG_ANALYZER_NONNULL = YES;
				CLANG_ANALYZER_NUMBER_OBJECT_CONVERSION = YES_AGGRESSIVE;
				CLANG_CXX_LANGUAGE_STANDARD = "gnu++17";
				CLANG_ENABLE_MODULES = YES;
				CLANG_ENABLE_OBJC_ARC = YES;
				CLANG_ENABLE_OBJC_WEAK = YES;
				CLANG_WARN_BLOCK_CAPTURE_AUTORELEASING = YES;
				CLANG_WARN_BOOL_CONVERSION = YES;
				CLANG_WARN_COMMA = YES;
				CLANG_WARN_CONSTANT_CONVERSION = YES;
				CLANG_WARN_DEPRECATED_OBJC_IMPLEMENTATIONS = YES;
				CLANG_WARN_DIRECT_OBJC_ISA_USAGE = YES_ERROR;
				CLANG_WARN_DOCUMENTATION_COMMENTS = YES;
				CLANG_WARN_EMPTY_BODY = YES;
				CLANG_WARN_ENUM_CONVERSION = YES;
				CLANG_WARN_INFINITE_RECURSION = YES;
				CLANG_WARN_INT_CONVERSION = YES;
				CLANG_WARN_NON_LITERAL_NULL_CONVERSION = YES;
				CLANG_WARN_OBJC_IMPLICIT_RETAIN_SELF = YES;
				CLANG_WARN_OBJC_LITERAL_CONVERSION = YES;
				CLANG_WARN_OBJC_ROOT_CLASS = YES_ERROR;
				CLANG_WARN_QUOTED_INCLUDE_IN_FRAMEWORK_HEADER = YES;
				CLANG_WARN_RANGE_LOOP_ANALYSIS = YES;
				CLANG_WARN_STRICT_PROTOTYPES = YES;
				CLANG_WARN_SUSPICIOUS_MOVE = YES;
				CLANG_WARN_UNGUARDED_AVAILABILITY = YES_AGGRESSIVE;
				CLANG_WARN_UNREACHABLE_CODE = YES;
				CLANG_WARN__DUPLICATE_METHOD_MATCH = YES;
				COPY_PHASE_STRIP = NO;
				DEBUG_INFORMATION_FORMAT = "dwarf-with-dsym";
				ENABLE_NS_ASSERTIONS = NO;
				ENABLE_STRICT_OBJC_MSGSEND = YES;
				GCC_C_LANGUAGE_STANDARD = gnu11;
				GCC_NO_COMMON_BLOCKS = YES;
				GCC_WARN_64_TO_32_BIT_CONVERSION = YES;
				GCC_WARN_ABOUT_RETURN_TYPE = YES_ERROR;
				GCC_WARN_UNDECLARED_SELECTOR = YES;
				GCC_WARN_UNINITIALIZED_AUTOS = YES_AGGRESSIVE;
				GCC_WARN_UNUSED_FUNCTION = YES;
				GCC_WARN_UNUSED_VARIABLE = YES;
				IPHONEOS_DEPLOYMENT_TARGET = 15.5;
				MTL_ENABLE_DEBUG_INFO = NO;
				MTL_FAST_MATH = YES;
				SDKROOT = iphoneos;
				SWIFT_COMPILATION_MODE = wholemodule;
				SWIFT_OPTIMIZATION_LEVEL = "-O";
				VALIDATE_PRODUCT = YES;
			};
			name = Release;
		};
		24560E5328FF971400E4C923 /* Debug */ = {
			isa = XCBuildConfiguration;
			baseConfigurationReference = 2264012F050C9191509078AE /* Pods-FitnessApp.debug.xcconfig */;
			buildSettings = {
				ASSETCATALOG_COMPILER_APPICON_NAME = AppIcon;
				ASSETCATALOG_COMPILER_GLOBAL_ACCENT_COLOR_NAME = AccentColor;
				CODE_SIGN_STYLE = Automatic;
				CURRENT_PROJECT_VERSION = 1;
				DEVELOPMENT_TEAM = Q9V7D5V8SH;
				GENERATE_INFOPLIST_FILE = YES;
				INFOPLIST_FILE = FitnessApp/Info.plist;
				INFOPLIST_KEY_UIApplicationSupportsIndirectInputEvents = YES;
				INFOPLIST_KEY_UILaunchStoryboardName = LaunchScreen;
				INFOPLIST_KEY_UIMainStoryboardFile = Main;
				INFOPLIST_KEY_UISupportedInterfaceOrientations_iPad = "UIInterfaceOrientationPortrait UIInterfaceOrientationPortraitUpsideDown UIInterfaceOrientationLandscapeLeft UIInterfaceOrientationLandscapeRight";
				INFOPLIST_KEY_UISupportedInterfaceOrientations_iPhone = "UIInterfaceOrientationPortrait UIInterfaceOrientationLandscapeLeft UIInterfaceOrientationLandscapeRight";
				LD_RUNPATH_SEARCH_PATHS = (
					"$(inherited)",
					"@executable_path/Frameworks",
				);
				MARKETING_VERSION = 1.0;
				PRODUCT_BUNDLE_IDENTIFIER = jb.FitnessApp;
				PRODUCT_NAME = "$(TARGET_NAME)";
				SWIFT_EMIT_LOC_STRINGS = YES;
				SWIFT_VERSION = 5.0;
				TARGETED_DEVICE_FAMILY = "1,2";
			};
			name = Debug;
		};
		24560E5428FF971400E4C923 /* Release */ = {
			isa = XCBuildConfiguration;
			baseConfigurationReference = CBFA133E61B56593E0326067 /* Pods-FitnessApp.release.xcconfig */;
			buildSettings = {
				ASSETCATALOG_COMPILER_APPICON_NAME = AppIcon;
				ASSETCATALOG_COMPILER_GLOBAL_ACCENT_COLOR_NAME = AccentColor;
				CODE_SIGN_STYLE = Automatic;
				CURRENT_PROJECT_VERSION = 1;
				DEVELOPMENT_TEAM = Q9V7D5V8SH;
				GENERATE_INFOPLIST_FILE = YES;
				INFOPLIST_FILE = FitnessApp/Info.plist;
				INFOPLIST_KEY_UIApplicationSupportsIndirectInputEvents = YES;
				INFOPLIST_KEY_UILaunchStoryboardName = LaunchScreen;
				INFOPLIST_KEY_UIMainStoryboardFile = Main;
				INFOPLIST_KEY_UISupportedInterfaceOrientations_iPad = "UIInterfaceOrientationPortrait UIInterfaceOrientationPortraitUpsideDown UIInterfaceOrientationLandscapeLeft UIInterfaceOrientationLandscapeRight";
				INFOPLIST_KEY_UISupportedInterfaceOrientations_iPhone = "UIInterfaceOrientationPortrait UIInterfaceOrientationLandscapeLeft UIInterfaceOrientationLandscapeRight";
				LD_RUNPATH_SEARCH_PATHS = (
					"$(inherited)",
					"@executable_path/Frameworks",
				);
				MARKETING_VERSION = 1.0;
				PRODUCT_BUNDLE_IDENTIFIER = jb.FitnessApp;
				PRODUCT_NAME = "$(TARGET_NAME)";
				SWIFT_EMIT_LOC_STRINGS = YES;
				SWIFT_VERSION = 5.0;
				TARGETED_DEVICE_FAMILY = "1,2";
			};
			name = Release;
		};
		24560E5628FF971400E4C923 /* Debug */ = {
			isa = XCBuildConfiguration;
			baseConfigurationReference = 9F4545B5AF4FD607E131D7A5 /* Pods-FitnessAppTests.debug.xcconfig */;
			buildSettings = {
				ALWAYS_EMBED_SWIFT_STANDARD_LIBRARIES = YES;
				BUNDLE_LOADER = "$(TEST_HOST)";
				CODE_SIGN_STYLE = Automatic;
				CURRENT_PROJECT_VERSION = 1;
				DEVELOPMENT_TEAM = Q9V7D5V8SH;
				GENERATE_INFOPLIST_FILE = YES;
				IPHONEOS_DEPLOYMENT_TARGET = 15.5;
				MARKETING_VERSION = 1.0;
				PRODUCT_BUNDLE_IDENTIFIER = jb.FitnessAppTests;
				PRODUCT_NAME = "$(TARGET_NAME)";
				SWIFT_EMIT_LOC_STRINGS = NO;
				SWIFT_VERSION = 5.0;
				TARGETED_DEVICE_FAMILY = "1,2";
				TEST_HOST = "$(BUILT_PRODUCTS_DIR)/FitnessApp.app/FitnessApp";
			};
			name = Debug;
		};
		24560E5728FF971400E4C923 /* Release */ = {
			isa = XCBuildConfiguration;
			baseConfigurationReference = 676E384EF769BB64DACE5EA3 /* Pods-FitnessAppTests.release.xcconfig */;
			buildSettings = {
				ALWAYS_EMBED_SWIFT_STANDARD_LIBRARIES = YES;
				BUNDLE_LOADER = "$(TEST_HOST)";
				CODE_SIGN_STYLE = Automatic;
				CURRENT_PROJECT_VERSION = 1;
				DEVELOPMENT_TEAM = Q9V7D5V8SH;
				GENERATE_INFOPLIST_FILE = YES;
				IPHONEOS_DEPLOYMENT_TARGET = 15.5;
				MARKETING_VERSION = 1.0;
				PRODUCT_BUNDLE_IDENTIFIER = jb.FitnessAppTests;
				PRODUCT_NAME = "$(TARGET_NAME)";
				SWIFT_EMIT_LOC_STRINGS = NO;
				SWIFT_VERSION = 5.0;
				TARGETED_DEVICE_FAMILY = "1,2";
				TEST_HOST = "$(BUILT_PRODUCTS_DIR)/FitnessApp.app/FitnessApp";
			};
			name = Release;
		};
		24560E5928FF971400E4C923 /* Debug */ = {
			isa = XCBuildConfiguration;
			baseConfigurationReference = A90CA0B4959782FF954ECBD9 /* Pods-FitnessApp-FitnessAppUITests.debug.xcconfig */;
			buildSettings = {
				ALWAYS_EMBED_SWIFT_STANDARD_LIBRARIES = YES;
				CODE_SIGN_STYLE = Automatic;
				CURRENT_PROJECT_VERSION = 1;
				DEVELOPMENT_TEAM = Q9V7D5V8SH;
				GENERATE_INFOPLIST_FILE = YES;
				MARKETING_VERSION = 1.0;
				PRODUCT_BUNDLE_IDENTIFIER = jb.FitnessAppUITests;
				PRODUCT_NAME = "$(TARGET_NAME)";
				SWIFT_EMIT_LOC_STRINGS = NO;
				SWIFT_VERSION = 5.0;
				TARGETED_DEVICE_FAMILY = "1,2";
				TEST_TARGET_NAME = FitnessApp;
			};
			name = Debug;
		};
		24560E5A28FF971400E4C923 /* Release */ = {
			isa = XCBuildConfiguration;
			baseConfigurationReference = B6A3E71E0DBE275311DDEBBE /* Pods-FitnessApp-FitnessAppUITests.release.xcconfig */;
			buildSettings = {
				ALWAYS_EMBED_SWIFT_STANDARD_LIBRARIES = YES;
				CODE_SIGN_STYLE = Automatic;
				CURRENT_PROJECT_VERSION = 1;
				DEVELOPMENT_TEAM = Q9V7D5V8SH;
				GENERATE_INFOPLIST_FILE = YES;
				MARKETING_VERSION = 1.0;
				PRODUCT_BUNDLE_IDENTIFIER = jb.FitnessAppUITests;
				PRODUCT_NAME = "$(TARGET_NAME)";
				SWIFT_EMIT_LOC_STRINGS = NO;
				SWIFT_VERSION = 5.0;
				TARGETED_DEVICE_FAMILY = "1,2";
				TEST_TARGET_NAME = FitnessApp;
			};
			name = Release;
		};
/* End XCBuildConfiguration section */

/* Begin XCConfigurationList section */
		24560E2328FF970D00E4C923 /* Build configuration list for PBXProject "FitnessApp" */ = {
			isa = XCConfigurationList;
			buildConfigurations = (
				24560E5028FF971400E4C923 /* Debug */,
				24560E5128FF971400E4C923 /* Release */,
			);
			defaultConfigurationIsVisible = 0;
			defaultConfigurationName = Release;
		};
		24560E5228FF971400E4C923 /* Build configuration list for PBXNativeTarget "FitnessApp" */ = {
			isa = XCConfigurationList;
			buildConfigurations = (
				24560E5328FF971400E4C923 /* Debug */,
				24560E5428FF971400E4C923 /* Release */,
			);
			defaultConfigurationIsVisible = 0;
			defaultConfigurationName = Release;
		};
		24560E5528FF971400E4C923 /* Build configuration list for PBXNativeTarget "FitnessAppTests" */ = {
			isa = XCConfigurationList;
			buildConfigurations = (
				24560E5628FF971400E4C923 /* Debug */,
				24560E5728FF971400E4C923 /* Release */,
			);
			defaultConfigurationIsVisible = 0;
			defaultConfigurationName = Release;
		};
		24560E5828FF971400E4C923 /* Build configuration list for PBXNativeTarget "FitnessAppUITests" */ = {
			isa = XCConfigurationList;
			buildConfigurations = (
				24560E5928FF971400E4C923 /* Debug */,
				24560E5A28FF971400E4C923 /* Release */,
			);
			defaultConfigurationIsVisible = 0;
			defaultConfigurationName = Release;
		};
/* End XCConfigurationList section */
	};
	rootObject = 24560E2028FF970D00E4C923 /* Project object */;
}
